// !$*UTF8*$!
{
	archiveVersion = 1;
	classes = {
	};
	objectVersion = 77;
	objects = {

/* Begin PBXBuildFile section */
		5516B7D82D30062800D411FB /* doc in CopyFiles */ = {isa = PBXBuildFile; fileRef = 5516B7D72D30062800D411FB /* doc */; };
		5516B7DA2D30063400D411FB /* examples in CopyFiles */ = {isa = PBXBuildFile; fileRef = 5516B7D92D30063400D411FB /* examples */; };
		5516B7DE2D30067000D411FB /* lib in CopyFiles */ = {isa = PBXBuildFile; fileRef = 5516B7DD2D30066F00D411FB /* lib */; };
		5516B7E02D3006A000D411FB /* man in CopyFiles */ = {isa = PBXBuildFile; fileRef = 5516B7DF2D3006A000D411FB /* man */; };
		5516B7E52D3006D400D411FB /* gtkwave in CopyFiles */ = {isa = PBXBuildFile; fileRef = 5516B7E32D3006D400D411FB /* gtkwave */; settings = {ATTRIBUTES = (CodeSignOnCopy, ); }; };
		5516B7E62D3006D400D411FB /* twinwave in CopyFiles */ = {isa = PBXBuildFile; fileRef = 5516B7E42D3006D400D411FB /* twinwave */; settings = {ATTRIBUTES = (CodeSignOnCopy, ); }; };
/* End PBXBuildFile section */

/* Begin PBXCopyFilesBuildPhase section */
		5516B7D62D3005FB00D411FB /* CopyFiles */ = {
			isa = PBXCopyFilesBuildPhase;
			buildActionMask = 2147483647;
			dstPath = "";
			dstSubfolderSpec = 7;
			files = (
				5516B7E02D3006A000D411FB /* man in CopyFiles */,
				5516B7DE2D30067000D411FB /* lib in CopyFiles */,
				5516B7DA2D30063400D411FB /* examples in CopyFiles */,
				5516B7D82D30062800D411FB /* doc in CopyFiles */,
			);
			runOnlyForDeploymentPostprocessing = 0;
		};
		5516B7E12D3006A800D411FB /* CopyFiles */ = {
			isa = PBXCopyFilesBuildPhase;
			buildActionMask = 2147483647;
			dstPath = bin;
			dstSubfolderSpec = 7;
			files = (
				5516B7E52D3006D400D411FB /* gtkwave in CopyFiles */,
				5516B7E62D3006D400D411FB /* twinwave in CopyFiles */,
			);
			runOnlyForDeploymentPostprocessing = 0;
		};
/* End PBXCopyFilesBuildPhase section */

/* Begin PBXFileReference section */
		5516B7D72D30062800D411FB /* doc */ = {isa = PBXFileReference; lastKnownFileType = folder; name = doc; path = ../doc; sourceTree = "<group>"; };
		5516B7D92D30063400D411FB /* examples */ = {isa = PBXFileReference; lastKnownFileType = folder; name = examples; path = ../examples; sourceTree = "<group>"; };
		5516B7DB2D30064400D411FB /* man */ = {isa = PBXFileReference; lastKnownFileType = folder; name = man; path = ../man; sourceTree = "<group>"; };
		5516B7DD2D30066F00D411FB /* lib */ = {isa = PBXFileReference; lastKnownFileType = folder; name = lib; path = ../build/lib; sourceTree = "<group>"; };
		5516B7DF2D3006A000D411FB /* man */ = {isa = PBXFileReference; lastKnownFileType = folder; name = man; path = ../man; sourceTree = "<group>"; };
		5516B7E32D3006D400D411FB /* gtkwave */ = {isa = PBXFileReference; lastKnownFileType = "compiled.mach-o.executable"; name = gtkwave; path = ../build/src/gtkwave; sourceTree = "<group>"; };
		5516B7E42D3006D400D411FB /* twinwave */ = {isa = PBXFileReference; lastKnownFileType = "compiled.mach-o.executable"; name = twinwave; path = ../build/src/twinwave; sourceTree = "<group>"; };
		5516B7E72D30094200D411FB /* gtkwave.icns */ = {isa = PBXFileReference; lastKnownFileType = image.icns; path = gtkwave.icns; sourceTree = "<group>"; };
		55A06FDB2D30047E00DDAC14 /* gtkwave.app */ = {isa = PBXFileReference; explicitFileType = wrapper.application; includeInIndex = 0; path = gtkwave.app; sourceTree = BUILT_PRODUCTS_DIR; };
/* End PBXFileReference section */

/* Begin PBXFileSystemSynchronizedRootGroup section */
		55A06FDD2D30047E00DDAC14 /* gtkwave */ = {
			isa = PBXFileSystemSynchronizedRootGroup;
			path = gtkwave;
			sourceTree = "<group>";
		};
/* End PBXFileSystemSynchronizedRootGroup section */

/* Begin PBXFrameworksBuildPhase section */
		55A06FD82D30047E00DDAC14 /* Frameworks */ = {
			isa = PBXFrameworksBuildPhase;
			buildActionMask = 2147483647;
			files = (
			);
			runOnlyForDeploymentPostprocessing = 0;
		};
/* End PBXFrameworksBuildPhase section */

/* Begin PBXGroup section */
		55A06FD22D30047E00DDAC14 = {
			isa = PBXGroup;
			children = (
				5516B7E72D30094200D411FB /* gtkwave.icns */,
				5516B7E32D3006D400D411FB /* gtkwave */,
				5516B7E42D3006D400D411FB /* twinwave */,
				5516B7DF2D3006A000D411FB /* man */,
				5516B7DD2D30066F00D411FB /* lib */,
				5516B7DB2D30064400D411FB /* man */,
				5516B7D92D30063400D411FB /* examples */,
				5516B7D72D30062800D411FB /* doc */,
				55A06FDD2D30047E00DDAC14 /* gtkwave */,
				55A06FDC2D30047E00DDAC14 /* Products */,
			);
			sourceTree = "<group>";
		};
		55A06FDC2D30047E00DDAC14 /* Products */ = {
			isa = PBXGroup;
			children = (
				55A06FDB2D30047E00DDAC14 /* gtkwave.app */,
			);
			name = Products;
			sourceTree = "<group>";
		};
/* End PBXGroup section */

/* Begin PBXNativeTarget section */
		55A06FDA2D30047E00DDAC14 /* gtkwave */ = {
			isa = PBXNativeTarget;
			buildConfigurationList = 55A06FEA2D30047F00DDAC14 /* Build configuration list for PBXNativeTarget "gtkwave" */;
			buildPhases = (
				55A06FD72D30047E00DDAC14 /* Sources */,
				55A06FD82D30047E00DDAC14 /* Frameworks */,
				55A06FD92D30047E00DDAC14 /* Resources */,
				5516B7D62D3005FB00D411FB /* CopyFiles */,
				5516B7E12D3006A800D411FB /* CopyFiles */,
			);
			buildRules = (
			);
			dependencies = (
			);
			fileSystemSynchronizedGroups = (
				55A06FDD2D30047E00DDAC14 /* gtkwave */,
			);
			name = gtkwave;
			packageProductDependencies = (
			);
			productName = gtkwave;
			productReference = 55A06FDB2D30047E00DDAC14 /* gtkwave.app */;
			productType = "com.apple.product-type.application";
		};
/* End PBXNativeTarget section */

/* Begin PBXProject section */
		55A06FD32D30047E00DDAC14 /* Project object */ = {
			isa = PBXProject;
			attributes = {
				BuildIndependentTargetsInParallel = 1;
				LastSwiftUpdateCheck = 1620;
				LastUpgradeCheck = 1620;
				TargetAttributes = {
					55A06FDA2D30047E00DDAC14 = {
						CreatedOnToolsVersion = 16.2;
					};
				};
			};
			buildConfigurationList = 55A06FD62D30047E00DDAC14 /* Build configuration list for PBXProject "gtkwave" */;
			developmentRegion = en;
			hasScannedForEncodings = 0;
			knownRegions = (
				en,
				Base,
			);
			mainGroup = 55A06FD22D30047E00DDAC14;
			minimizedProjectReferenceProxies = 1;
			preferredProjectObjectVersion = 77;
			productRefGroup = 55A06FDC2D30047E00DDAC14 /* Products */;
			projectDirPath = "";
			projectRoot = "";
			targets = (
				55A06FDA2D30047E00DDAC14 /* gtkwave */,
			);
		};
/* End PBXProject section */

/* Begin PBXResourcesBuildPhase section */
		55A06FD92D30047E00DDAC14 /* Resources */ = {
			isa = PBXResourcesBuildPhase;
			buildActionMask = 2147483647;
			files = (
			);
			runOnlyForDeploymentPostprocessing = 0;
		};
/* End PBXResourcesBuildPhase section */

/* Begin PBXSourcesBuildPhase section */
		55A06FD72D30047E00DDAC14 /* Sources */ = {
			isa = PBXSourcesBuildPhase;
			buildActionMask = 2147483647;
			files = (
			);
			runOnlyForDeploymentPostprocessing = 0;
		};
/* End PBXSourcesBuildPhase section */

/* Begin XCBuildConfiguration section */
		55A06FE82D30047F00DDAC14 /* Debug */ = {
			isa = XCBuildConfiguration;
			buildSettings = {
				ALWAYS_SEARCH_USER_PATHS = NO;
				ASSETCATALOG_COMPILER_GENERATE_SWIFT_ASSET_SYMBOL_EXTENSIONS = YES;
				CLANG_ANALYZER_NONNULL = YES;
				CLANG_ANALYZER_NUMBER_OBJECT_CONVERSION = YES_AGGRESSIVE;
				CLANG_CXX_LANGUAGE_STANDARD = "gnu++20";
				CLANG_ENABLE_MODULES = YES;
				CLANG_ENABLE_OBJC_ARC = YES;
				CLANG_ENABLE_OBJC_WEAK = YES;
				CLANG_WARN_BLOCK_CAPTURE_AUTORELEASING = YES;
				CLANG_WARN_BOOL_CONVERSION = YES;
				CLANG_WARN_COMMA = YES;
				CLANG_WARN_CONSTANT_CONVERSION = YES;
				CLANG_WARN_DEPRECATED_OBJC_IMPLEMENTATIONS = YES;
				CLANG_WARN_DIRECT_OBJC_ISA_USAGE = YES_ERROR;
				CLANG_WARN_DOCUMENTATION_COMMENTS = YES;
				CLANG_WARN_EMPTY_BODY = YES;
				CLANG_WARN_ENUM_CONVERSION = YES;
				CLANG_WARN_INFINITE_RECURSION = YES;
				CLANG_WARN_INT_CONVERSION = YES;
				CLANG_WARN_NON_LITERAL_NULL_CONVERSION = YES;
				CLANG_WARN_OBJC_IMPLICIT_RETAIN_SELF = YES;
				CLANG_WARN_OBJC_LITERAL_CONVERSION = YES;
				CLANG_WARN_OBJC_ROOT_CLASS = YES_ERROR;
				CLANG_WARN_QUOTED_INCLUDE_IN_FRAMEWORK_HEADER = YES;
				CLANG_WARN_RANGE_LOOP_ANALYSIS = YES;
				CLANG_WARN_STRICT_PROTOTYPES = YES;
				CLANG_WARN_SUSPICIOUS_MOVE = YES;
				CLANG_WARN_UNGUARDED_AVAILABILITY = YES_AGGRESSIVE;
				CLANG_WARN_UNREACHABLE_CODE = YES;
				CLANG_WARN__DUPLICATE_METHOD_MATCH = YES;
				COPY_PHASE_STRIP = NO;
				DEBUG_INFORMATION_FORMAT = dwarf;
				ENABLE_STRICT_OBJC_MSGSEND = YES;
				ENABLE_TESTABILITY = YES;
				ENABLE_USER_SCRIPT_SANDBOXING = YES;
				GCC_C_LANGUAGE_STANDARD = gnu17;
				GCC_DYNAMIC_NO_PIC = NO;
				GCC_NO_COMMON_BLOCKS = YES;
				GCC_OPTIMIZATION_LEVEL = 0;
				GCC_PREPROCESSOR_DEFINITIONS = (
					"DEBUG=1",
					"$(inherited)",
				);
				GCC_WARN_64_TO_32_BIT_CONVERSION = YES;
				GCC_WARN_ABOUT_RETURN_TYPE = YES_ERROR;
				GCC_WARN_UNDECLARED_SELECTOR = YES;
				GCC_WARN_UNINITIALIZED_AUTOS = YES_AGGRESSIVE;
				GCC_WARN_UNUSED_FUNCTION = YES;
				GCC_WARN_UNUSED_VARIABLE = YES;
				LOCALIZATION_PREFERS_STRING_CATALOGS = YES;
				MACOSX_DEPLOYMENT_TARGET = 15.2;
				MTL_ENABLE_DEBUG_INFO = INCLUDE_SOURCE;
				MTL_FAST_MATH = YES;
				ONLY_ACTIVE_ARCH = YES;
				SDKROOT = macosx;
				SWIFT_ACTIVE_COMPILATION_CONDITIONS = "DEBUG $(inherited)";
				SWIFT_OPTIMIZATION_LEVEL = "-Onone";
			};
			name = Debug;
		};
		55A06FE92D30047F00DDAC14 /* Release */ = {
			isa = XCBuildConfiguration;
			buildSettings = {
				ALWAYS_SEARCH_USER_PATHS = NO;
				ASSETCATALOG_COMPILER_GENERATE_SWIFT_ASSET_SYMBOL_EXTENSIONS = YES;
				CLANG_ANALYZER_NONNULL = YES;
				CLANG_ANALYZER_NUMBER_OBJECT_CONVERSION = YES_AGGRESSIVE;
				CLANG_CXX_LANGUAGE_STANDARD = "gnu++20";
				CLANG_ENABLE_MODULES = YES;
				CLANG_ENABLE_OBJC_ARC = YES;
				CLANG_ENABLE_OBJC_WEAK = YES;
				CLANG_WARN_BLOCK_CAPTURE_AUTORELEASING = YES;
				CLANG_WARN_BOOL_CONVERSION = YES;
				CLANG_WARN_COMMA = YES;
				CLANG_WARN_CONSTANT_CONVERSION = YES;
				CLANG_WARN_DEPRECATED_OBJC_IMPLEMENTATIONS = YES;
				CLANG_WARN_DIRECT_OBJC_ISA_USAGE = YES_ERROR;
				CLANG_WARN_DOCUMENTATION_COMMENTS = YES;
				CLANG_WARN_EMPTY_BODY = YES;
				CLANG_WARN_ENUM_CONVERSION = YES;
				CLANG_WARN_INFINITE_RECURSION = YES;
				CLANG_WARN_INT_CONVERSION = YES;
				CLANG_WARN_NON_LITERAL_NULL_CONVERSION = YES;
				CLANG_WARN_OBJC_IMPLICIT_RETAIN_SELF = YES;
				CLANG_WARN_OBJC_LITERAL_CONVERSION = YES;
				CLANG_WARN_OBJC_ROOT_CLASS = YES_ERROR;
				CLANG_WARN_QUOTED_INCLUDE_IN_FRAMEWORK_HEADER = YES;
				CLANG_WARN_RANGE_LOOP_ANALYSIS = YES;
				CLANG_WARN_STRICT_PROTOTYPES = YES;
				CLANG_WARN_SUSPICIOUS_MOVE = YES;
				CLANG_WARN_UNGUARDED_AVAILABILITY = YES_AGGRESSIVE;
				CLANG_WARN_UNREACHABLE_CODE = YES;
				CLANG_WARN__DUPLICATE_METHOD_MATCH = YES;
				COPY_PHASE_STRIP = NO;
				DEBUG_INFORMATION_FORMAT = "dwarf-with-dsym";
				ENABLE_NS_ASSERTIONS = NO;
				ENABLE_STRICT_OBJC_MSGSEND = YES;
				ENABLE_USER_SCRIPT_SANDBOXING = YES;
				GCC_C_LANGUAGE_STANDARD = gnu17;
				GCC_NO_COMMON_BLOCKS = YES;
				GCC_WARN_64_TO_32_BIT_CONVERSION = YES;
				GCC_WARN_ABOUT_RETURN_TYPE = YES_ERROR;
				GCC_WARN_UNDECLARED_SELECTOR = YES;
				GCC_WARN_UNINITIALIZED_AUTOS = YES_AGGRESSIVE;
				GCC_WARN_UNUSED_FUNCTION = YES;
				GCC_WARN_UNUSED_VARIABLE = YES;
				LOCALIZATION_PREFERS_STRING_CATALOGS = YES;
				MACOSX_DEPLOYMENT_TARGET = 15.2;
				MTL_ENABLE_DEBUG_INFO = NO;
				MTL_FAST_MATH = YES;
				SDKROOT = macosx;
				SWIFT_COMPILATION_MODE = wholemodule;
			};
			name = Release;
		};
		55A06FEB2D30047F00DDAC14 /* Debug */ = {
			isa = XCBuildConfiguration;
			buildSettings = {
				ASSETCATALOG_COMPILER_APPICON_NAME = AppIcon;
				ASSETCATALOG_COMPILER_GLOBAL_ACCENT_COLOR_NAME = AccentColor;
				ASSETCATALOG_COMPILER_INCLUDE_ALL_APPICON_ASSETS = YES;
				CODE_SIGN_ENTITLEMENTS = gtkwave/gtkwave.entitlements;
				CODE_SIGN_STYLE = Automatic;
				COMBINE_HIDPI_IMAGES = YES;
				CURRENT_PROJECT_VERSION = 1;
				DEVELOPMENT_ASSET_PATHS = "";
				ENABLE_PREVIEWS = YES;
				GENERATE_INFOPLIST_FILE = YES;
				INFOPLIST_KEY_NSHumanReadableCopyright = "";
				LD_RUNPATH_SEARCH_PATHS = (
					"$(inherited)",
					"@executable_path/../Frameworks",
				);
				MARKETING_VERSION = 1.0;
				PRODUCT_BUNDLE_IDENTIFIER = com.gtkwave;
				PRODUCT_NAME = "$(TARGET_NAME)";
				SWIFT_EMIT_LOC_STRINGS = YES;
				SWIFT_VERSION = 5.0;
			};
			name = Debug;
		};
		55A06FEC2D30047F00DDAC14 /* Release */ = {
			isa = XCBuildConfiguration;
			buildSettings = {
				ASSETCATALOG_COMPILER_APPICON_NAME = AppIcon;
				ASSETCATALOG_COMPILER_GLOBAL_ACCENT_COLOR_NAME = AccentColor;
				ASSETCATALOG_COMPILER_INCLUDE_ALL_APPICON_ASSETS = YES;
				CODE_SIGN_ENTITLEMENTS = gtkwave/gtkwave.entitlements;
				CODE_SIGN_STYLE = Automatic;
				COMBINE_HIDPI_IMAGES = YES;
				CURRENT_PROJECT_VERSION = 1;
				DEVELOPMENT_ASSET_PATHS = "";
				ENABLE_PREVIEWS = YES;
				GENERATE_INFOPLIST_FILE = YES;
				INFOPLIST_KEY_NSHumanReadableCopyright = "";
				LD_RUNPATH_SEARCH_PATHS = (
					"$(inherited)",
					"@executable_path/../Frameworks",
				);
				MARKETING_VERSION = 1.0;
				PRODUCT_BUNDLE_IDENTIFIER = com.gtkwave;
				PRODUCT_NAME = "$(TARGET_NAME)";
				SWIFT_EMIT_LOC_STRINGS = YES;
				SWIFT_VERSION = 5.0;
			};
			name = Release;
		};
/* End XCBuildConfiguration section */

/* Begin XCConfigurationList section */
		55A06FD62D30047E00DDAC14 /* Build configuration list for PBXProject "gtkwave" */ = {
			isa = XCConfigurationList;
			buildConfigurations = (
				55A06FE82D30047F00DDAC14 /* Debug */,
				55A06FE92D30047F00DDAC14 /* Release */,
			);
			defaultConfigurationIsVisible = 0;
			defaultConfigurationName = Release;
		};
		55A06FEA2D30047F00DDAC14 /* Build configuration list for PBXNativeTarget "gtkwave" */ = {
			isa = XCConfigurationList;
			buildConfigurations = (
				55A06FEB2D30047F00DDAC14 /* Debug */,
				55A06FEC2D30047F00DDAC14 /* Release */,
			);
			defaultConfigurationIsVisible = 0;
			defaultConfigurationName = Release;
		};
/* End XCConfigurationList section */
	};
	rootObject = 55A06FD32D30047E00DDAC14 /* Project object */;
}
